
Microsoft Visual Studio Solution File, Format Version 12.00
# Visual Studio Version 17
VisualStudioVersion = 17.11.35312.102
MinimumVisualStudioVersion = 10.0.40219.1
Project("{FAE04EC0-301F-11D3-BF4B-00C04F79EFBC}") = "MP2", "MP2.csproj", "{F4ED58E3-958F-4707-88AD-3D5C388EB287}"
EndProject
Global
	GlobalSection(SolutionConfigurationPlatforms) = preSolution
		Debug|Any CPU = Debug|Any CPU
		Release|Any CPU = Release|Any CPU
	EndGlobalSection
	GlobalSection(ProjectConfigurationPlatforms) = postSolution
		{F4ED58E3-958F-4707-88AD-3D5C388EB287}.Debug|Any CPU.ActiveCfg = Debug|Any CPU
		{F4ED58E3-958F-4707-88AD-3D5C388EB287}.Debug|Any CPU.Build.0 = Debug|Any CPU
		{F4ED58E3-958F-4707-88AD-3D5C388EB287}.Release|Any CPU.ActiveCfg = Release|Any CPU
		{F4ED58E3-958F-4707-88AD-3D5C388EB287}.Release|Any CPU.Build.0 = Release|Any CPU
	EndGlobalSection
	GlobalSection(SolutionProperties) = preSolution
		HideSolutionNode = FALSE
	EndGlobalSection
	GlobalSection(ExtensibilityGlobals) = postSolution
		SolutionGuid = {D7DBB6C7-E84D-4491-A206-7E45628E047D}
	EndGlobalSection
EndGlobal
